
Microsoft Visual Studio Solution File, Format Version 12.00
# Visual Studio Version 17
VisualStudioVersion = 17.9.34607.119
MinimumVisualStudioVersion = 10.0.40219.1
Project("{9A19103F-16F7-4668-BE54-9A1E7A4F7556}") = "LabWebAppFinal", "LabWebAppFinal\LabWebAppFinal.csproj", "{9B1C8163-EB73-4532-9D4A-D0BB06C42075}"
EndProject
Project("{FAE04EC0-301F-11D3-BF4B-00C04F79EFBC}") = "LabWebAppFinal.Tests", "LabWebAppFinal.Tests\LabWebAppFinal.Tests.csproj", "{9F23181A-F199-47CD-B6C6-1AB6ED20769F}"
EndProject
Global
	GlobalSection(SolutionConfigurationPlatforms) = preSolution
		Debug|Any CPU = Debug|Any CPU
		Release|Any CPU = Release|Any CPU
	EndGlobalSection
	GlobalSection(ProjectConfigurationPlatforms) = postSolution
		{9B1C8163-EB73-4532-9D4A-D0BB06C42075}.Debug|Any CPU.ActiveCfg = Debug|Any CPU
		{9B1C8163-EB73-4532-9D4A-D0BB06C42075}.Debug|Any CPU.Build.0 = Debug|Any CPU
		{9B1C8163-EB73-4532-9D4A-D0BB06C42075}.Release|Any CPU.ActiveCfg = Release|Any CPU
		{9B1C8163-EB73-4532-9D4A-D0BB06C42075}.Release|Any CPU.Build.0 = Release|Any CPU
		{9F23181A-F199-47CD-B6C6-1AB6ED20769F}.Debug|Any CPU.ActiveCfg = Debug|Any CPU
		{9F23181A-F199-47CD-B6C6-1AB6ED20769F}.Debug|Any CPU.Build.0 = Debug|Any CPU
		{9F23181A-F199-47CD-B6C6-1AB6ED20769F}.Release|Any CPU.ActiveCfg = Release|Any CPU
		{9F23181A-F199-47CD-B6C6-1AB6ED20769F}.Release|Any CPU.Build.0 = Release|Any CPU
	EndGlobalSection
	GlobalSection(SolutionProperties) = preSolution
		HideSolutionNode = FALSE
	EndGlobalSection
	GlobalSection(ExtensibilityGlobals) = postSolution
		SolutionGuid = {43D99167-5FE2-445F-8986-7429B80B3C2C}
	EndGlobalSection
EndGlobal
